
Microsoft Visual Studio Solution File, Format Version 12.00
# Visual Studio Version 17
VisualStudioVersion = 17.8.34330.188
MinimumVisualStudioVersion = 10.0.40219.1
Project("{9A19103F-16F7-4668-BE54-9A1E7A4F7556}") = "SFA.DAS.Payments.FundingSource.NonLevyFundedService", "SFA.DAS.Payments.FundingSource.NonLevyFundedService\SFA.DAS.Payments.FundingSource.NonLevyFundedService.csproj", "{7191A6B2-3382-4B0C-9EF8-30D9208C4C3E}"
EndProject
Project("{9A19103F-16F7-4668-BE54-9A1E7A4F7556}") = "SFA.DAS.Payments.FundingSource.Model", "SFA.DAS.Payments.FundingSource.Model\SFA.DAS.Payments.FundingSource.Model.csproj", "{A49DCCB8-C84E-42C7-8CAF-0473F6D4430F}"
EndProject
Project("{9A19103F-16F7-4668-BE54-9A1E7A4F7556}") = "SFA.DAS.Payments.FundingSource.Messages.Internal", "SFA.DAS.Payments.FundingSource.Messages.Internal\SFA.DAS.Payments.FundingSource.Messages.Internal.csproj", "{6B871298-9441-42A8-AA78-401C0158B54C}"
EndProject
Project("{9A19103F-16F7-4668-BE54-9A1E7A4F7556}") = "SFA.DAS.Payments.FundingSource.Messages", "SFA.DAS.Payments.FundingSource.Messages\SFA.DAS.Payments.FundingSource.Messages.csproj", "{F3ACBB3B-B4C4-4C1D-834B-DEAD03C50B58}"
EndProject
Project("{9A19103F-16F7-4668-BE54-9A1E7A4F7556}") = "SFA.DAS.Payments.FundingSource.LevyTransactionService", "SFA.DAS.Payments.FundingSource.LevyTransactionService\SFA.DAS.Payments.FundingSource.LevyTransactionService.csproj", "{BE67B1BF-2AB6-4EC1-AD26-725EC8C42976}"
EndProject
Project("{9A19103F-16F7-4668-BE54-9A1E7A4F7556}") = "SFA.DAS.Payments.FundingSource.LevyFundedService.Interfaces", "SFA.DAS.Payments.FundingSource.LevyFundedService.Interfaces\SFA.DAS.Payments.FundingSource.LevyFundedService.Interfaces.csproj", "{8A78B2A0-6E4E-4F8D-B24A-ABE6AB4DF20E}"
EndProject
Project("{9A19103F-16F7-4668-BE54-9A1E7A4F7556}") = "SFA.DAS.Payments.FundingSource.LevyFundedService", "SFA.DAS.Payments.FundingSource.LevyFundedService\SFA.DAS.Payments.FundingSource.LevyFundedService.csproj", "{E42E84BD-2B76-43EA-9F5E-B9B5379EDB3A}"
EndProject
Project("{9A19103F-16F7-4668-BE54-9A1E7A4F7556}") = "SFA.DAS.Payments.FundingSource.LevyFundedProxyService.UnitTests", "SFA.DAS.Payments.FundingSource.LevyFundedProxyService.UnitTests\SFA.DAS.Payments.FundingSource.LevyFundedProxyService.UnitTests.csproj", "{7E9596E9-79FC-475B-A467-FDCBA4BFBE3E}"
EndProject
Project("{9A19103F-16F7-4668-BE54-9A1E7A4F7556}") = "SFA.DAS.Payments.FundingSource.LevyFundedProxyService", "SFA.DAS.Payments.FundingSource.LevyFundedProxyService\SFA.DAS.Payments.FundingSource.LevyFundedProxyService.csproj", "{3A5D28D1-DF9B-48F5-A25E-51FDC1118B95}"
EndProject
Project("{9A19103F-16F7-4668-BE54-9A1E7A4F7556}") = "SFA.DAS.Payments.FundingSource.LevyAccountBalanceService", "SFA.DAS.Payments.FundingSource.LevyAccountBalanceService\SFA.DAS.Payments.FundingSource.LevyAccountBalanceService.csproj", "{FB41999C-EC71-4751-9E7E-B2923CB7C87B}"
EndProject
Project("{9A19103F-16F7-4668-BE54-9A1E7A4F7556}") = "SFA.DAS.Payments.FundingSource.Domain.UnitTests", "SFA.DAS.Payments.FundingSource.Domain.UnitTests\SFA.DAS.Payments.FundingSource.Domain.UnitTests.csproj", "{4A5E77D5-9A59-4117-9E14-20C418A89A8D}"
EndProject
Project("{9A19103F-16F7-4668-BE54-9A1E7A4F7556}") = "SFA.DAS.Payments.FundingSource.Domain", "SFA.DAS.Payments.FundingSource.Domain\SFA.DAS.Payments.FundingSource.Domain.csproj", "{41260F08-3CF4-40DE-97C3-9649DD654990}"
EndProject
Project("{9A19103F-16F7-4668-BE54-9A1E7A4F7556}") = "SFA.DAS.Payments.FundingSource.Application.UnitTests", "SFA.DAS.Payments.FundingSource.Application.UnitTests\SFA.DAS.Payments.FundingSource.Application.UnitTests.csproj", "{93C49A11-6C5E-4552-8855-28E7A39D2AE3}"
EndProject
Project("{9A19103F-16F7-4668-BE54-9A1E7A4F7556}") = "SFA.DAS.Payments.FundingSource.Application", "SFA.DAS.Payments.FundingSource.Application\SFA.DAS.Payments.FundingSource.Application.csproj", "{DBD3D82D-CBB9-47C0-8623-3464F2288E32}"
EndProject
Project("{2150E333-8FDC-42A3-9474-1A3956D46DE8}") = "Tests", "Tests", "{1BCA6F44-4EE3-411B-A137-2FDA26F816D6}"
EndProject
Project("{2150E333-8FDC-42A3-9474-1A3956D46DE8}") = "UnitTests", "UnitTests", "{0AC0FAC6-47F4-4F72-8835-C466BBF2CE6D}"
EndProject
Project("{2150E333-8FDC-42A3-9474-1A3956D46DE8}") = "AcceptanceTests", "AcceptanceTests", "{0ABC0E7A-70CC-4A78-92A8-1165C6C60AD6}"
EndProject
Global
	GlobalSection(SolutionConfigurationPlatforms) = preSolution
		Debug|Any CPU = Debug|Any CPU
		Release|Any CPU = Release|Any CPU
	EndGlobalSection
	GlobalSection(ProjectConfigurationPlatforms) = postSolution
		{7191A6B2-3382-4B0C-9EF8-30D9208C4C3E}.Debug|Any CPU.ActiveCfg = Debug|Any CPU
		{7191A6B2-3382-4B0C-9EF8-30D9208C4C3E}.Debug|Any CPU.Build.0 = Debug|Any CPU
		{7191A6B2-3382-4B0C-9EF8-30D9208C4C3E}.Release|Any CPU.ActiveCfg = Release|Any CPU
		{7191A6B2-3382-4B0C-9EF8-30D9208C4C3E}.Release|Any CPU.Build.0 = Release|Any CPU
		{A49DCCB8-C84E-42C7-8CAF-0473F6D4430F}.Debug|Any CPU.ActiveCfg = Debug|Any CPU
		{A49DCCB8-C84E-42C7-8CAF-0473F6D4430F}.Debug|Any CPU.Build.0 = Debug|Any CPU
		{A49DCCB8-C84E-42C7-8CAF-0473F6D4430F}.Release|Any CPU.ActiveCfg = Release|Any CPU
		{A49DCCB8-C84E-42C7-8CAF-0473F6D4430F}.Release|Any CPU.Build.0 = Release|Any CPU
		{6B871298-9441-42A8-AA78-401C0158B54C}.Debug|Any CPU.ActiveCfg = Debug|Any CPU
		{6B871298-9441-42A8-AA78-401C0158B54C}.Debug|Any CPU.Build.0 = Debug|Any CPU
		{6B871298-9441-42A8-AA78-401C0158B54C}.Release|Any CPU.ActiveCfg = Release|Any CPU
		{6B871298-9441-42A8-AA78-401C0158B54C}.Release|Any CPU.Build.0 = Release|Any CPU
		{F3ACBB3B-B4C4-4C1D-834B-DEAD03C50B58}.Debug|Any CPU.ActiveCfg = Debug|Any CPU
		{F3ACBB3B-B4C4-4C1D-834B-DEAD03C50B58}.Debug|Any CPU.Build.0 = Debug|Any CPU
		{F3ACBB3B-B4C4-4C1D-834B-DEAD03C50B58}.Release|Any CPU.ActiveCfg = Release|Any CPU
		{F3ACBB3B-B4C4-4C1D-834B-DEAD03C50B58}.Release|Any CPU.Build.0 = Release|Any CPU
		{BE67B1BF-2AB6-4EC1-AD26-725EC8C42976}.Debug|Any CPU.ActiveCfg = Debug|Any CPU
		{BE67B1BF-2AB6-4EC1-AD26-725EC8C42976}.Debug|Any CPU.Build.0 = Debug|Any CPU
		{BE67B1BF-2AB6-4EC1-AD26-725EC8C42976}.Release|Any CPU.ActiveCfg = Release|Any CPU
		{BE67B1BF-2AB6-4EC1-AD26-725EC8C42976}.Release|Any CPU.Build.0 = Release|Any CPU
		{8A78B2A0-6E4E-4F8D-B24A-ABE6AB4DF20E}.Debug|Any CPU.ActiveCfg = Debug|Any CPU
		{8A78B2A0-6E4E-4F8D-B24A-ABE6AB4DF20E}.Debug|Any CPU.Build.0 = Debug|Any CPU
		{8A78B2A0-6E4E-4F8D-B24A-ABE6AB4DF20E}.Release|Any CPU.ActiveCfg = Release|Any CPU
		{8A78B2A0-6E4E-4F8D-B24A-ABE6AB4DF20E}.Release|Any CPU.Build.0 = Release|Any CPU
		{E42E84BD-2B76-43EA-9F5E-B9B5379EDB3A}.Debug|Any CPU.ActiveCfg = Debug|Any CPU
		{E42E84BD-2B76-43EA-9F5E-B9B5379EDB3A}.Debug|Any CPU.Build.0 = Debug|Any CPU
		{E42E84BD-2B76-43EA-9F5E-B9B5379EDB3A}.Release|Any CPU.ActiveCfg = Release|Any CPU
		{E42E84BD-2B76-43EA-9F5E-B9B5379EDB3A}.Release|Any CPU.Build.0 = Release|Any CPU
		{7E9596E9-79FC-475B-A467-FDCBA4BFBE3E}.Debug|Any CPU.ActiveCfg = Debug|Any CPU
		{7E9596E9-79FC-475B-A467-FDCBA4BFBE3E}.Debug|Any CPU.Build.0 = Debug|Any CPU
		{7E9596E9-79FC-475B-A467-FDCBA4BFBE3E}.Release|Any CPU.ActiveCfg = Release|Any CPU
		{7E9596E9-79FC-475B-A467-FDCBA4BFBE3E}.Release|Any CPU.Build.0 = Release|Any CPU
		{3A5D28D1-DF9B-48F5-A25E-51FDC1118B95}.Debug|Any CPU.ActiveCfg = Debug|Any CPU
		{3A5D28D1-DF9B-48F5-A25E-51FDC1118B95}.Debug|Any CPU.Build.0 = Debug|Any CPU
		{3A5D28D1-DF9B-48F5-A25E-51FDC1118B95}.Release|Any CPU.ActiveCfg = Release|Any CPU
		{3A5D28D1-DF9B-48F5-A25E-51FDC1118B95}.Release|Any CPU.Build.0 = Release|Any CPU
		{FB41999C-EC71-4751-9E7E-B2923CB7C87B}.Debug|Any CPU.ActiveCfg = Debug|Any CPU
		{FB41999C-EC71-4751-9E7E-B2923CB7C87B}.Debug|Any CPU.Build.0 = Debug|Any CPU
		{FB41999C-EC71-4751-9E7E-B2923CB7C87B}.Release|Any CPU.ActiveCfg = Release|Any CPU
		{FB41999C-EC71-4751-9E7E-B2923CB7C87B}.Release|Any CPU.Build.0 = Release|Any CPU
		{4A5E77D5-9A59-4117-9E14-20C418A89A8D}.Debug|Any CPU.ActiveCfg = Debug|Any CPU
		{4A5E77D5-9A59-4117-9E14-20C418A89A8D}.Debug|Any CPU.Build.0 = Debug|Any CPU
		{4A5E77D5-9A59-4117-9E14-20C418A89A8D}.Release|Any CPU.ActiveCfg = Release|Any CPU
		{4A5E77D5-9A59-4117-9E14-20C418A89A8D}.Release|Any CPU.Build.0 = Release|Any CPU
		{41260F08-3CF4-40DE-97C3-9649DD654990}.Debug|Any CPU.ActiveCfg = Debug|Any CPU
		{41260F08-3CF4-40DE-97C3-9649DD654990}.Debug|Any CPU.Build.0 = Debug|Any CPU
		{41260F08-3CF4-40DE-97C3-9649DD654990}.Release|Any CPU.ActiveCfg = Release|Any CPU
		{41260F08-3CF4-40DE-97C3-9649DD654990}.Release|Any CPU.Build.0 = Release|Any CPU
		{93C49A11-6C5E-4552-8855-28E7A39D2AE3}.Debug|Any CPU.ActiveCfg = Debug|Any CPU
		{93C49A11-6C5E-4552-8855-28E7A39D2AE3}.Debug|Any CPU.Build.0 = Debug|Any CPU
		{93C49A11-6C5E-4552-8855-28E7A39D2AE3}.Release|Any CPU.ActiveCfg = Release|Any CPU
		{93C49A11-6C5E-4552-8855-28E7A39D2AE3}.Release|Any CPU.Build.0 = Release|Any CPU
		{DBD3D82D-CBB9-47C0-8623-3464F2288E32}.Debug|Any CPU.ActiveCfg = Debug|Any CPU
		{DBD3D82D-CBB9-47C0-8623-3464F2288E32}.Debug|Any CPU.Build.0 = Debug|Any CPU
		{DBD3D82D-CBB9-47C0-8623-3464F2288E32}.Release|Any CPU.ActiveCfg = Release|Any CPU
		{DBD3D82D-CBB9-47C0-8623-3464F2288E32}.Release|Any CPU.Build.0 = Release|Any CPU
	EndGlobalSection
	GlobalSection(SolutionProperties) = preSolution
		HideSolutionNode = FALSE
	EndGlobalSection
	GlobalSection(NestedProjects) = preSolution
		{7E9596E9-79FC-475B-A467-FDCBA4BFBE3E} = {0AC0FAC6-47F4-4F72-8835-C466BBF2CE6D}
		{4A5E77D5-9A59-4117-9E14-20C418A89A8D} = {0AC0FAC6-47F4-4F72-8835-C466BBF2CE6D}
		{93C49A11-6C5E-4552-8855-28E7A39D2AE3} = {0AC0FAC6-47F4-4F72-8835-C466BBF2CE6D}
		{0AC0FAC6-47F4-4F72-8835-C466BBF2CE6D} = {1BCA6F44-4EE3-411B-A137-2FDA26F816D6}
		{0ABC0E7A-70CC-4A78-92A8-1165C6C60AD6} = {1BCA6F44-4EE3-411B-A137-2FDA26F816D6}
	EndGlobalSection
	GlobalSection(ExtensibilityGlobals) = postSolution
		SolutionGuid = {17BD4BD5-BD0D-4C83-B474-B7C09BE62DBE}
	EndGlobalSection
EndGlobal
